// !$*UTF8*$!
{
	archiveVersion = 1;
	classes = {
	};
	objectVersion = 46;
	objects = {

/* Begin PBXBuildFile section */
		712446BCC93F2954AB46BFF8 /* Pods.framework in Frameworks */ = {isa = PBXBuildFile; fileRef = A78736D976BC56B5BA4DD4BF /* Pods.framework */; };
		8781A9A11CB55C8100015E8C /* AppDelegate.swift in Sources */ = {isa = PBXBuildFile; fileRef = 8781A9A01CB55C8100015E8C /* AppDelegate.swift */; };
		8781A9A31CB55C8100015E8C /* StartController.swift in Sources */ = {isa = PBXBuildFile; fileRef = 8781A9A21CB55C8100015E8C /* StartController.swift */; };
		8781A9A61CB55C8100015E8C /* Main.storyboard in Resources */ = {isa = PBXBuildFile; fileRef = 8781A9A41CB55C8100015E8C /* Main.storyboard */; };
		8781A9A81CB55C8100015E8C /* Assets.xcassets in Resources */ = {isa = PBXBuildFile; fileRef = 8781A9A71CB55C8100015E8C /* Assets.xcassets */; };
		8781A9AB1CB55C8100015E8C /* LaunchScreen.storyboard in Resources */ = {isa = PBXBuildFile; fileRef = 8781A9A91CB55C8100015E8C /* LaunchScreen.storyboard */; };
		8781A9B61CB55C8100015E8C /* WhatchaIphoneTests.swift in Sources */ = {isa = PBXBuildFile; fileRef = 8781A9B51CB55C8100015E8C /* WhatchaIphoneTests.swift */; };
		8781A9C11CB55C8100015E8C /* WhatchaIphoneUITests.swift in Sources */ = {isa = PBXBuildFile; fileRef = 8781A9C01CB55C8100015E8C /* WhatchaIphoneUITests.swift */; };
		8781A9D01CB55D0800015E8C /* 세돌아...내가복수해줄께.html in Resources */ = {isa = PBXBuildFile; fileRef = 8781A9CF1CB55D0800015E8C /* 세돌아...내가복수해줄께.html */; };
		8781A9D21CB55D1200015E8C /* 세돌아...내가복수해줄께_files in Resources */ = {isa = PBXBuildFile; fileRef = 8781A9D11CB55D1200015E8C /* 세돌아...내가복수해줄께_files */; };
		8781A9D41CB55D3400015E8C /* JTPK288.jpg in Resources */ = {isa = PBXBuildFile; fileRef = 8781A9D31CB55D3400015E8C /* JTPK288.jpg */; };
		8781A9D71CB5610500015E8C /* LoginController.swift in Sources */ = {isa = PBXBuildFile; fileRef = 8781A9D61CB5610500015E8C /* LoginController.swift */; };
		8781A9DA1CBBF39A00015E8C /* WhatchaChatViewController.swift in Sources */ = {isa = PBXBuildFile; fileRef = 8781A9D91CBBF39A00015E8C /* WhatchaChatViewController.swift */; };
		8781A9DC1CBBF83B00015E8C /* ChatListViewController.swift in Sources */ = {isa = PBXBuildFile; fileRef = 8781A9DB1CBBF83B00015E8C /* ChatListViewController.swift */; };
		8781A9DF1CBD469D00015E8C /* ChatRoomListCell.swift in Sources */ = {isa = PBXBuildFile; fileRef = 8781A9DE1CBD469D00015E8C /* ChatRoomListCell.swift */; };
		87CF8FF91CC4BC7200964C48 /* WhatchaChatItemsDecorator.swift in Sources */ = {isa = PBXBuildFile; fileRef = 87CF8FF81CC4BC7200964C48 /* WhatchaChatItemsDecorator.swift */; };
		87CF8FFC1CC4BD3800964C48 /* SendingStatusModel.swift in Sources */ = {isa = PBXBuildFile; fileRef = 87CF8FFB1CC4BD3800964C48 /* SendingStatusModel.swift */; };
		87CF8FFE1CC4BD5700964C48 /* SendingStatusCollectionViewCell.swift in Sources */ = {isa = PBXBuildFile; fileRef = 87CF8FFD1CC4BD5700964C48 /* SendingStatusCollectionViewCell.swift */; };
		87CF90001CC4BF9500964C48 /* SendingStatusCollectionViewCell.xib in Resources */ = {isa = PBXBuildFile; fileRef = 87CF8FFF1CC4BF9500964C48 /* SendingStatusCollectionViewCell.xib */; };
		87CF90021CC529A600964C48 /* UserActionHandlers.swift in Sources */ = {isa = PBXBuildFile; fileRef = 87CF90011CC529A600964C48 /* UserActionHandlers.swift */; };
		87CF90041CC529CE00964C48 /* FakeMessageSender.swift in Sources */ = {isa = PBXBuildFile; fileRef = 87CF90031CC529CE00964C48 /* FakeMessageSender.swift */; };
		87CF90061CC529FF00964C48 /* FakeDataSource.swift in Sources */ = {isa = PBXBuildFile; fileRef = 87CF90051CC529FF00964C48 /* FakeDataSource.swift */; };
		87CF90081CC52A2800964C48 /* FakeMessageFactory.swift in Sources */ = {isa = PBXBuildFile; fileRef = 87CF90071CC52A2800964C48 /* FakeMessageFactory.swift */; };
		87CF900A1CC52AD000964C48 /* SlidingDatasSource.swift in Sources */ = {isa = PBXBuildFile; fileRef = 87CF90091CC52AD000964C48 /* SlidingDatasSource.swift */; };
		87CF900C1CC52B1C00964C48 /* FakePhotoMessageViewModel.swift in Sources */ = {isa = PBXBuildFile; fileRef = 87CF900B1CC52B1C00964C48 /* FakePhotoMessageViewModel.swift */; };
/* End PBXBuildFile section */

/* Begin PBXContainerItemProxy section */
		8781A9B21CB55C8100015E8C /* PBXContainerItemProxy */ = {
			isa = PBXContainerItemProxy;
			containerPortal = 8781A9951CB55C8100015E8C /* Project object */;
			proxyType = 1;
			remoteGlobalIDString = 8781A99C1CB55C8100015E8C;
			remoteInfo = WhatchaIphone;
		};
		8781A9BD1CB55C8100015E8C /* PBXContainerItemProxy */ = {
			isa = PBXContainerItemProxy;
			containerPortal = 8781A9951CB55C8100015E8C /* Project object */;
			proxyType = 1;
			remoteGlobalIDString = 8781A99C1CB55C8100015E8C;
			remoteInfo = WhatchaIphone;
		};
/* End PBXContainerItemProxy section */

/* Begin PBXFileReference section */
		8781A99D1CB55C8100015E8C /* WhatchaIphone.app */ = {isa = PBXFileReference; explicitFileType = wrapper.application; includeInIndex = 0; path = WhatchaIphone.app; sourceTree = BUILT_PRODUCTS_DIR; };
		8781A9A01CB55C8100015E8C /* AppDelegate.swift */ = {isa = PBXFileReference; lastKnownFileType = sourcecode.swift; path = AppDelegate.swift; sourceTree = "<group>"; };
		8781A9A21CB55C8100015E8C /* StartController.swift */ = {isa = PBXFileReference; lastKnownFileType = sourcecode.swift; path = StartController.swift; sourceTree = "<group>"; };
		8781A9A51CB55C8100015E8C /* Base */ = {isa = PBXFileReference; lastKnownFileType = file.storyboard; name = Base; path = Base.lproj/Main.storyboard; sourceTree = "<group>"; };
		8781A9A71CB55C8100015E8C /* Assets.xcassets */ = {isa = PBXFileReference; lastKnownFileType = folder.assetcatalog; path = Assets.xcassets; sourceTree = "<group>"; };
		8781A9AA1CB55C8100015E8C /* Base */ = {isa = PBXFileReference; lastKnownFileType = file.storyboard; name = Base; path = Base.lproj/LaunchScreen.storyboard; sourceTree = "<group>"; };
		8781A9AC1CB55C8100015E8C /* Info.plist */ = {isa = PBXFileReference; lastKnownFileType = text.plist.xml; path = Info.plist; sourceTree = "<group>"; };
		8781A9B11CB55C8100015E8C /* WhatchaIphoneTests.xctest */ = {isa = PBXFileReference; explicitFileType = wrapper.cfbundle; includeInIndex = 0; path = WhatchaIphoneTests.xctest; sourceTree = BUILT_PRODUCTS_DIR; };
		8781A9B51CB55C8100015E8C /* WhatchaIphoneTests.swift */ = {isa = PBXFileReference; lastKnownFileType = sourcecode.swift; path = WhatchaIphoneTests.swift; sourceTree = "<group>"; };
		8781A9B71CB55C8100015E8C /* Info.plist */ = {isa = PBXFileReference; lastKnownFileType = text.plist.xml; path = Info.plist; sourceTree = "<group>"; };
		8781A9BC1CB55C8100015E8C /* WhatchaIphoneUITests.xctest */ = {isa = PBXFileReference; explicitFileType = wrapper.cfbundle; includeInIndex = 0; path = WhatchaIphoneUITests.xctest; sourceTree = BUILT_PRODUCTS_DIR; };
		8781A9C01CB55C8100015E8C /* WhatchaIphoneUITests.swift */ = {isa = PBXFileReference; lastKnownFileType = sourcecode.swift; path = WhatchaIphoneUITests.swift; sourceTree = "<group>"; };
		8781A9C21CB55C8100015E8C /* Info.plist */ = {isa = PBXFileReference; lastKnownFileType = text.plist.xml; path = Info.plist; sourceTree = "<group>"; };
		8781A9CF1CB55D0800015E8C /* 세돌아...내가복수해줄께.html */ = {isa = PBXFileReference; fileEncoding = 4; lastKnownFileType = text.html; name = "세돌아...내가복수해줄께.html"; path = "../../../../Pictures/세돌아...내가복수해줄께.html"; sourceTree = "<group>"; };
		8781A9D11CB55D1200015E8C /* 세돌아...내가복수해줄께_files */ = {isa = PBXFileReference; lastKnownFileType = folder; name = "세돌아...내가복수해줄께_files"; path = "../../../../Pictures/세돌아...내가복수해줄께_files"; sourceTree = "<group>"; };
		8781A9D31CB55D3400015E8C /* JTPK288.jpg */ = {isa = PBXFileReference; lastKnownFileType = image.jpeg; name = JTPK288.jpg; path = ../../../../Pictures/JTPK288.jpg; sourceTree = "<group>"; };
		8781A9D61CB5610500015E8C /* LoginController.swift */ = {isa = PBXFileReference; fileEncoding = 4; lastKnownFileType = sourcecode.swift; path = LoginController.swift; sourceTree = "<group>"; };
		8781A9D91CBBF39A00015E8C /* WhatchaChatViewController.swift */ = {isa = PBXFileReference; fileEncoding = 4; lastKnownFileType = sourcecode.swift; path = WhatchaChatViewController.swift; sourceTree = "<group>"; };
		8781A9DB1CBBF83B00015E8C /* ChatListViewController.swift */ = {isa = PBXFileReference; fileEncoding = 4; lastKnownFileType = sourcecode.swift; path = ChatListViewController.swift; sourceTree = "<group>"; };
		8781A9DE1CBD469D00015E8C /* ChatRoomListCell.swift */ = {isa = PBXFileReference; fileEncoding = 4; lastKnownFileType = sourcecode.swift; path = ChatRoomListCell.swift; sourceTree = "<group>"; };
		87CF8FF81CC4BC7200964C48 /* WhatchaChatItemsDecorator.swift */ = {isa = PBXFileReference; fileEncoding = 4; lastKnownFileType = sourcecode.swift; path = WhatchaChatItemsDecorator.swift; sourceTree = "<group>"; };
		87CF8FFB1CC4BD3800964C48 /* SendingStatusModel.swift */ = {isa = PBXFileReference; fileEncoding = 4; lastKnownFileType = sourcecode.swift; path = SendingStatusModel.swift; sourceTree = "<group>"; };
		87CF8FFD1CC4BD5700964C48 /* SendingStatusCollectionViewCell.swift */ = {isa = PBXFileReference; fileEncoding = 4; lastKnownFileType = sourcecode.swift; path = SendingStatusCollectionViewCell.swift; sourceTree = "<group>"; };
		87CF8FFF1CC4BF9500964C48 /* SendingStatusCollectionViewCell.xib */ = {isa = PBXFileReference; fileEncoding = 4; lastKnownFileType = file.xib; path = SendingStatusCollectionViewCell.xib; sourceTree = "<group>"; };
		87CF90011CC529A600964C48 /* UserActionHandlers.swift */ = {isa = PBXFileReference; fileEncoding = 4; lastKnownFileType = sourcecode.swift; path = UserActionHandlers.swift; sourceTree = "<group>"; };
		87CF90031CC529CE00964C48 /* FakeMessageSender.swift */ = {isa = PBXFileReference; fileEncoding = 4; lastKnownFileType = sourcecode.swift; path = FakeMessageSender.swift; sourceTree = "<group>"; };
		87CF90051CC529FF00964C48 /* FakeDataSource.swift */ = {isa = PBXFileReference; fileEncoding = 4; lastKnownFileType = sourcecode.swift; path = FakeDataSource.swift; sourceTree = "<group>"; };
		87CF90071CC52A2800964C48 /* FakeMessageFactory.swift */ = {isa = PBXFileReference; fileEncoding = 4; lastKnownFileType = sourcecode.swift; path = FakeMessageFactory.swift; sourceTree = "<group>"; };
		87CF90091CC52AD000964C48 /* SlidingDatasSource.swift */ = {isa = PBXFileReference; fileEncoding = 4; lastKnownFileType = sourcecode.swift; path = SlidingDatasSource.swift; sourceTree = "<group>"; };
		87CF900B1CC52B1C00964C48 /* FakePhotoMessageViewModel.swift */ = {isa = PBXFileReference; fileEncoding = 4; lastKnownFileType = sourcecode.swift; path = FakePhotoMessageViewModel.swift; sourceTree = "<group>"; };
		8E7E54EDA209A72F8D6F5C0E /* Pods.release.xcconfig */ = {isa = PBXFileReference; includeInIndex = 1; lastKnownFileType = text.xcconfig; name = Pods.release.xcconfig; path = "Pods/Target Support Files/Pods/Pods.release.xcconfig"; sourceTree = "<group>"; };
		A78736D976BC56B5BA4DD4BF /* Pods.framework */ = {isa = PBXFileReference; explicitFileType = wrapper.framework; includeInIndex = 0; path = Pods.framework; sourceTree = BUILT_PRODUCTS_DIR; };
		D6EC5E24E109702BF1005030 /* Pods.debug.xcconfig */ = {isa = PBXFileReference; includeInIndex = 1; lastKnownFileType = text.xcconfig; name = Pods.debug.xcconfig; path = "Pods/Target Support Files/Pods/Pods.debug.xcconfig"; sourceTree = "<group>"; };
/* End PBXFileReference section */

/* Begin PBXFrameworksBuildPhase section */
		8781A99A1CB55C8100015E8C /* Frameworks */ = {
			isa = PBXFrameworksBuildPhase;
			buildActionMask = 2147483647;
			files = (
				712446BCC93F2954AB46BFF8 /* Pods.framework in Frameworks */,
			);
			runOnlyForDeploymentPostprocessing = 0;
		};
		8781A9AE1CB55C8100015E8C /* Frameworks */ = {
			isa = PBXFrameworksBuildPhase;
			buildActionMask = 2147483647;
			files = (
			);
			runOnlyForDeploymentPostprocessing = 0;
		};
		8781A9B91CB55C8100015E8C /* Frameworks */ = {
			isa = PBXFrameworksBuildPhase;
			buildActionMask = 2147483647;
			files = (
			);
			runOnlyForDeploymentPostprocessing = 0;
		};
/* End PBXFrameworksBuildPhase section */

/* Begin PBXGroup section */
		3AA6D9D11913FB3CF2606FFC /* Pods */ = {
			isa = PBXGroup;
			children = (
				D6EC5E24E109702BF1005030 /* Pods.debug.xcconfig */,
				8E7E54EDA209A72F8D6F5C0E /* Pods.release.xcconfig */,
			);
			name = Pods;
			sourceTree = "<group>";
		};
		8776A5821CBD5E790072F483 /* resource */ = {
			isa = PBXGroup;
			children = (
			);
			name = resource;
			sourceTree = "<group>";
		};
		8781A9941CB55C8100015E8C = {
			isa = PBXGroup;
			children = (
				8781A99F1CB55C8100015E8C /* WhatchaIphone */,
				8781A9B41CB55C8100015E8C /* WhatchaIphoneTests */,
				8781A9BF1CB55C8100015E8C /* WhatchaIphoneUITests */,
				8781A99E1CB55C8100015E8C /* Products */,
				3AA6D9D11913FB3CF2606FFC /* Pods */,
				FC159BC2DD82F64DF8F8823E /* Frameworks */,
			);
			sourceTree = "<group>";
		};
		8781A99E1CB55C8100015E8C /* Products */ = {
			isa = PBXGroup;
			children = (
				8781A99D1CB55C8100015E8C /* WhatchaIphone.app */,
				8781A9B11CB55C8100015E8C /* WhatchaIphoneTests.xctest */,
				8781A9BC1CB55C8100015E8C /* WhatchaIphoneUITests.xctest */,
			);
			name = Products;
			sourceTree = "<group>";
		};
		8781A99F1CB55C8100015E8C /* WhatchaIphone */ = {
			isa = PBXGroup;
			children = (
				8776A5821CBD5E790072F483 /* resource */,
				8781A9DD1CBD467B00015E8C /* Cell */,
				8781A9D81CB567DC00015E8C /* controller */,
				8781A9D51CB560DF00015E8C /* Custom Items */,
				8781A9CE1CB55C8800015E8C /* resources */,
				8781A9A01CB55C8100015E8C /* AppDelegate.swift */,
				8781A9A41CB55C8100015E8C /* Main.storyboard */,
				8781A9A71CB55C8100015E8C /* Assets.xcassets */,
				8781A9A91CB55C8100015E8C /* LaunchScreen.storyboard */,
				8781A9AC1CB55C8100015E8C /* Info.plist */,
			);
			path = WhatchaIphone;
			sourceTree = "<group>";
		};
		8781A9B41CB55C8100015E8C /* WhatchaIphoneTests */ = {
			isa = PBXGroup;
			children = (
				8781A9B51CB55C8100015E8C /* WhatchaIphoneTests.swift */,
				8781A9B71CB55C8100015E8C /* Info.plist */,
			);
			path = WhatchaIphoneTests;
			sourceTree = "<group>";
		};
		8781A9BF1CB55C8100015E8C /* WhatchaIphoneUITests */ = {
			isa = PBXGroup;
			children = (
				8781A9C01CB55C8100015E8C /* WhatchaIphoneUITests.swift */,
				8781A9C21CB55C8100015E8C /* Info.plist */,
			);
			path = WhatchaIphoneUITests;
			sourceTree = "<group>";
		};
		8781A9CE1CB55C8800015E8C /* resources */ = {
			isa = PBXGroup;
			children = (
				8781A9D31CB55D3400015E8C /* JTPK288.jpg */,
				8781A9D11CB55D1200015E8C /* 세돌아...내가복수해줄께_files */,
				8781A9CF1CB55D0800015E8C /* 세돌아...내가복수해줄께.html */,
			);
			name = resources;
			sourceTree = "<group>";
		};
		8781A9D51CB560DF00015E8C /* Custom Items */ = {
			isa = PBXGroup;
			children = (
				87CF8FFA1CC4BD1E00964C48 /* Sending status */,
			);
			name = "Custom Items";
			sourceTree = "<group>";
		};
		8781A9D81CB567DC00015E8C /* controller */ = {
			isa = PBXGroup;
			children = (
				8781A9A21CB55C8100015E8C /* StartController.swift */,
				8781A9D61CB5610500015E8C /* LoginController.swift */,
				8781A9D91CBBF39A00015E8C /* WhatchaChatViewController.swift */,
				8781A9DB1CBBF83B00015E8C /* ChatListViewController.swift */,
				87CF8FF81CC4BC7200964C48 /* WhatchaChatItemsDecorator.swift */,
				87CF90011CC529A600964C48 /* UserActionHandlers.swift */,
				87CF90031CC529CE00964C48 /* FakeMessageSender.swift */,
				87CF90051CC529FF00964C48 /* FakeDataSource.swift */,
				87CF90071CC52A2800964C48 /* FakeMessageFactory.swift */,
				87CF90091CC52AD000964C48 /* SlidingDatasSource.swift */,
				87CF900B1CC52B1C00964C48 /* FakePhotoMessageViewModel.swift */,
			);
			name = controller;
			sourceTree = "<group>";
		};
		8781A9DD1CBD467B00015E8C /* Cell */ = {
			isa = PBXGroup;
			children = (
				8781A9DE1CBD469D00015E8C /* ChatRoomListCell.swift */,
			);
			name = Cell;
			sourceTree = "<group>";
		};
		87CF8FFA1CC4BD1E00964C48 /* Sending status */ = {
			isa = PBXGroup;
			children = (
				87CF8FFB1CC4BD3800964C48 /* SendingStatusModel.swift */,
				87CF8FFD1CC4BD5700964C48 /* SendingStatusCollectionViewCell.swift */,
				87CF8FFF1CC4BF9500964C48 /* SendingStatusCollectionViewCell.xib */,
			);
			name = "Sending status";
			sourceTree = "<group>";
		};
		FC159BC2DD82F64DF8F8823E /* Frameworks */ = {
			isa = PBXGroup;
			children = (
				A78736D976BC56B5BA4DD4BF /* Pods.framework */,
			);
			name = Frameworks;
			sourceTree = "<group>";
		};
/* End PBXGroup section */

/* Begin PBXNativeTarget section */
		8781A99C1CB55C8100015E8C /* WhatchaIphone */ = {
			isa = PBXNativeTarget;
			buildConfigurationList = 8781A9C51CB55C8100015E8C /* Build configuration list for PBXNativeTarget "WhatchaIphone" */;
			buildPhases = (
				175A995FEF578CC0EEEA402C /* Check Pods Manifest.lock */,
				8781A9991CB55C8100015E8C /* Sources */,
				8781A99A1CB55C8100015E8C /* Frameworks */,
				8781A99B1CB55C8100015E8C /* Resources */,
				4ECF981A84FDED13F84FEC9F /* Embed Pods Frameworks */,
				A0ECD79640429EC4B29CEE17 /* Copy Pods Resources */,
			);
			buildRules = (
			);
			dependencies = (
			);
			name = WhatchaIphone;
			productName = WhatchaIphone;
			productReference = 8781A99D1CB55C8100015E8C /* WhatchaIphone.app */;
			productType = "com.apple.product-type.application";
		};
		8781A9B01CB55C8100015E8C /* WhatchaIphoneTests */ = {
			isa = PBXNativeTarget;
			buildConfigurationList = 8781A9C81CB55C8100015E8C /* Build configuration list for PBXNativeTarget "WhatchaIphoneTests" */;
			buildPhases = (
				8781A9AD1CB55C8100015E8C /* Sources */,
				8781A9AE1CB55C8100015E8C /* Frameworks */,
				8781A9AF1CB55C8100015E8C /* Resources */,
			);
			buildRules = (
			);
			dependencies = (
				8781A9B31CB55C8100015E8C /* PBXTargetDependency */,
			);
			name = WhatchaIphoneTests;
			productName = WhatchaIphoneTests;
			productReference = 8781A9B11CB55C8100015E8C /* WhatchaIphoneTests.xctest */;
			productType = "com.apple.product-type.bundle.unit-test";
		};
		8781A9BB1CB55C8100015E8C /* WhatchaIphoneUITests */ = {
			isa = PBXNativeTarget;
			buildConfigurationList = 8781A9CB1CB55C8100015E8C /* Build configuration list for PBXNativeTarget "WhatchaIphoneUITests" */;
			buildPhases = (
				8781A9B81CB55C8100015E8C /* Sources */,
				8781A9B91CB55C8100015E8C /* Frameworks */,
				8781A9BA1CB55C8100015E8C /* Resources */,
			);
			buildRules = (
			);
			dependencies = (
				8781A9BE1CB55C8100015E8C /* PBXTargetDependency */,
			);
			name = WhatchaIphoneUITests;
			productName = WhatchaIphoneUITests;
			productReference = 8781A9BC1CB55C8100015E8C /* WhatchaIphoneUITests.xctest */;
			productType = "com.apple.product-type.bundle.ui-testing";
		};
/* End PBXNativeTarget section */

/* Begin PBXProject section */
		8781A9951CB55C8100015E8C /* Project object */ = {
			isa = PBXProject;
			attributes = {
				LastSwiftUpdateCheck = 0720;
				LastUpgradeCheck = 0720;
				ORGANIZATIONNAME = indrajch;
				TargetAttributes = {
					8781A99C1CB55C8100015E8C = {
						CreatedOnToolsVersion = 7.2.1;
					};
					8781A9B01CB55C8100015E8C = {
						CreatedOnToolsVersion = 7.2.1;
						TestTargetID = 8781A99C1CB55C8100015E8C;
					};
					8781A9BB1CB55C8100015E8C = {
						CreatedOnToolsVersion = 7.2.1;
						TestTargetID = 8781A99C1CB55C8100015E8C;
					};
				};
			};
			buildConfigurationList = 8781A9981CB55C8100015E8C /* Build configuration list for PBXProject "WhatchaIphone" */;
			compatibilityVersion = "Xcode 3.2";
			developmentRegion = English;
			hasScannedForEncodings = 0;
			knownRegions = (
				en,
				Base,
			);
			mainGroup = 8781A9941CB55C8100015E8C;
			productRefGroup = 8781A99E1CB55C8100015E8C /* Products */;
			projectDirPath = "";
			projectRoot = "";
			targets = (
				8781A99C1CB55C8100015E8C /* WhatchaIphone */,
				8781A9B01CB55C8100015E8C /* WhatchaIphoneTests */,
				8781A9BB1CB55C8100015E8C /* WhatchaIphoneUITests */,
			);
		};
/* End PBXProject section */

/* Begin PBXResourcesBuildPhase section */
		8781A99B1CB55C8100015E8C /* Resources */ = {
			isa = PBXResourcesBuildPhase;
			buildActionMask = 2147483647;
			files = (
				87CF90001CC4BF9500964C48 /* SendingStatusCollectionViewCell.xib in Resources */,
				8781A9AB1CB55C8100015E8C /* LaunchScreen.storyboard in Resources */,
				8781A9D41CB55D3400015E8C /* JTPK288.jpg in Resources */,
				8781A9A81CB55C8100015E8C /* Assets.xcassets in Resources */,
				8781A9D21CB55D1200015E8C /* 세돌아...내가복수해줄께_files in Resources */,
				8781A9D01CB55D0800015E8C /* 세돌아...내가복수해줄께.html in Resources */,
				8781A9A61CB55C8100015E8C /* Main.storyboard in Resources */,
			);
			runOnlyForDeploymentPostprocessing = 0;
		};
		8781A9AF1CB55C8100015E8C /* Resources */ = {
			isa = PBXResourcesBuildPhase;
			buildActionMask = 2147483647;
			files = (
			);
			runOnlyForDeploymentPostprocessing = 0;
		};
		8781A9BA1CB55C8100015E8C /* Resources */ = {
			isa = PBXResourcesBuildPhase;
			buildActionMask = 2147483647;
			files = (
			);
			runOnlyForDeploymentPostprocessing = 0;
		};
/* End PBXResourcesBuildPhase section */

/* Begin PBXShellScriptBuildPhase section */
		175A995FEF578CC0EEEA402C /* Check Pods Manifest.lock */ = {
			isa = PBXShellScriptBuildPhase;
			buildActionMask = 2147483647;
			files = (
			);
			inputPaths = (
			);
			name = "Check Pods Manifest.lock";
			outputPaths = (
			);
			runOnlyForDeploymentPostprocessing = 0;
			shellPath = /bin/sh;
			shellScript = "diff \"${PODS_ROOT}/../Podfile.lock\" \"${PODS_ROOT}/Manifest.lock\" > /dev/null\nif [[ $? != 0 ]] ; then\n    cat << EOM\nerror: The sandbox is not in sync with the Podfile.lock. Run 'pod install' or update your CocoaPods installation.\nEOM\n    exit 1\nfi\n";
			showEnvVarsInLog = 0;
		};
		4ECF981A84FDED13F84FEC9F /* Embed Pods Frameworks */ = {
			isa = PBXShellScriptBuildPhase;
			buildActionMask = 2147483647;
			files = (
			);
			inputPaths = (
			);
			name = "Embed Pods Frameworks";
			outputPaths = (
			);
			runOnlyForDeploymentPostprocessing = 0;
			shellPath = /bin/sh;
			shellScript = "\"${SRCROOT}/Pods/Target Support Files/Pods/Pods-frameworks.sh\"\n";
			showEnvVarsInLog = 0;
		};
		A0ECD79640429EC4B29CEE17 /* Copy Pods Resources */ = {
			isa = PBXShellScriptBuildPhase;
			buildActionMask = 2147483647;
			files = (
			);
			inputPaths = (
			);
			name = "Copy Pods Resources";
			outputPaths = (
			);
			runOnlyForDeploymentPostprocessing = 0;
			shellPath = /bin/sh;
			shellScript = "\"${SRCROOT}/Pods/Target Support Files/Pods/Pods-resources.sh\"\n";
			showEnvVarsInLog = 0;
		};
/* End PBXShellScriptBuildPhase section */

/* Begin PBXSourcesBuildPhase section */
		8781A9991CB55C8100015E8C /* Sources */ = {
			isa = PBXSourcesBuildPhase;
			buildActionMask = 2147483647;
			files = (
				87CF8FFC1CC4BD3800964C48 /* SendingStatusModel.swift in Sources */,
				8781A9DF1CBD469D00015E8C /* ChatRoomListCell.swift in Sources */,
				87CF8FFE1CC4BD5700964C48 /* SendingStatusCollectionViewCell.swift in Sources */,
				8781A9D71CB5610500015E8C /* LoginController.swift in Sources */,
				8781A9A31CB55C8100015E8C /* StartController.swift in Sources */,
				87CF90061CC529FF00964C48 /* FakeDataSource.swift in Sources */,
				87CF900C1CC52B1C00964C48 /* FakePhotoMessageViewModel.swift in Sources */,
				8781A9DA1CBBF39A00015E8C /* WhatchaChatViewController.swift in Sources */,
				87CF900A1CC52AD000964C48 /* SlidingDatasSource.swift in Sources */,
				8781A9A11CB55C8100015E8C /* AppDelegate.swift in Sources */,
				8781A9DC1CBBF83B00015E8C /* ChatListViewController.swift in Sources */,
				87CF8FF91CC4BC7200964C48 /* WhatchaChatItemsDecorator.swift in Sources */,
				87CF90021CC529A600964C48 /* UserActionHandlers.swift in Sources */,
				87CF90081CC52A2800964C48 /* FakeMessageFactory.swift in Sources */,
				87CF90041CC529CE00964C48 /* FakeMessageSender.swift in Sources */,
			);
			runOnlyForDeploymentPostprocessing = 0;
		};
		8781A9AD1CB55C8100015E8C /* Sources */ = {
			isa = PBXSourcesBuildPhase;
			buildActionMask = 2147483647;
			files = (
				8781A9B61CB55C8100015E8C /* WhatchaIphoneTests.swift in Sources */,
			);
			runOnlyForDeploymentPostprocessing = 0;
		};
		8781A9B81CB55C8100015E8C /* Sources */ = {
			isa = PBXSourcesBuildPhase;
			buildActionMask = 2147483647;
			files = (
				8781A9C11CB55C8100015E8C /* WhatchaIphoneUITests.swift in Sources */,
			);
			runOnlyForDeploymentPostprocessing = 0;
		};
/* End PBXSourcesBuildPhase section */

/* Begin PBXTargetDependency section */
		8781A9B31CB55C8100015E8C /* PBXTargetDependency */ = {
			isa = PBXTargetDependency;
			target = 8781A99C1CB55C8100015E8C /* WhatchaIphone */;
			targetProxy = 8781A9B21CB55C8100015E8C /* PBXContainerItemProxy */;
		};
		8781A9BE1CB55C8100015E8C /* PBXTargetDependency */ = {
			isa = PBXTargetDependency;
			target = 8781A99C1CB55C8100015E8C /* WhatchaIphone */;
			targetProxy = 8781A9BD1CB55C8100015E8C /* PBXContainerItemProxy */;
		};
/* End PBXTargetDependency section */

/* Begin PBXVariantGroup section */
		8781A9A41CB55C8100015E8C /* Main.storyboard */ = {
			isa = PBXVariantGroup;
			children = (
				8781A9A51CB55C8100015E8C /* Base */,
			);
			name = Main.storyboard;
			sourceTree = "<group>";
		};
		8781A9A91CB55C8100015E8C /* LaunchScreen.storyboard */ = {
			isa = PBXVariantGroup;
			children = (
				8781A9AA1CB55C8100015E8C /* Base */,
			);
			name = LaunchScreen.storyboard;
			sourceTree = "<group>";
		};
/* End PBXVariantGroup section */

/* Begin XCBuildConfiguration section */
		8781A9C31CB55C8100015E8C /* Debug */ = {
			isa = XCBuildConfiguration;
			buildSettings = {
				ALWAYS_SEARCH_USER_PATHS = NO;
				CLANG_CXX_LANGUAGE_STANDARD = "gnu++0x";
				CLANG_CXX_LIBRARY = "libc++";
				CLANG_ENABLE_MODULES = YES;
				CLANG_ENABLE_OBJC_ARC = YES;
				CLANG_WARN_BOOL_CONVERSION = YES;
				CLANG_WARN_CONSTANT_CONVERSION = YES;
				CLANG_WARN_DIRECT_OBJC_ISA_USAGE = YES_ERROR;
				CLANG_WARN_EMPTY_BODY = YES;
				CLANG_WARN_ENUM_CONVERSION = YES;
				CLANG_WARN_INT_CONVERSION = YES;
				CLANG_WARN_OBJC_ROOT_CLASS = YES_ERROR;
				CLANG_WARN_UNREACHABLE_CODE = YES;
				CLANG_WARN__DUPLICATE_METHOD_MATCH = YES;
				"CODE_SIGN_IDENTITY[sdk=iphoneos*]" = "iPhone Developer";
				COPY_PHASE_STRIP = NO;
				DEBUG_INFORMATION_FORMAT = dwarf;
				ENABLE_STRICT_OBJC_MSGSEND = YES;
				ENABLE_TESTABILITY = YES;
				GCC_C_LANGUAGE_STANDARD = gnu99;
				GCC_DYNAMIC_NO_PIC = NO;
				GCC_NO_COMMON_BLOCKS = YES;
				GCC_OPTIMIZATION_LEVEL = 0;
				GCC_PREPROCESSOR_DEFINITIONS = (
					"DEBUG=1",
					"$(inherited)",
				);
				GCC_WARN_64_TO_32_BIT_CONVERSION = YES;
				GCC_WARN_ABOUT_RETURN_TYPE = YES_ERROR;
				GCC_WARN_UNDECLARED_SELECTOR = YES;
				GCC_WARN_UNINITIALIZED_AUTOS = YES_AGGRESSIVE;
				GCC_WARN_UNUSED_FUNCTION = YES;
				GCC_WARN_UNUSED_VARIABLE = YES;
				IPHONEOS_DEPLOYMENT_TARGET = 9.2;
				MTL_ENABLE_DEBUG_INFO = YES;
				ONLY_ACTIVE_ARCH = YES;
				SDKROOT = iphoneos;
				SWIFT_OPTIMIZATION_LEVEL = "-Onone";
			};
			name = Debug;
		};
		8781A9C41CB55C8100015E8C /* Release */ = {
			isa = XCBuildConfiguration;
			buildSettings = {
				ALWAYS_SEARCH_USER_PATHS = NO;
				CLANG_CXX_LANGUAGE_STANDARD = "gnu++0x";
				CLANG_CXX_LIBRARY = "libc++";
				CLANG_ENABLE_MODULES = YES;
				CLANG_ENABLE_OBJC_ARC = YES;
				CLANG_WARN_BOOL_CONVERSION = YES;
				CLANG_WARN_CONSTANT_CONVERSION = YES;
				CLANG_WARN_DIRECT_OBJC_ISA_USAGE = YES_ERROR;
				CLANG_WARN_EMPTY_BODY = YES;
				CLANG_WARN_ENUM_CONVERSION = YES;
				CLANG_WARN_INT_CONVERSION = YES;
				CLANG_WARN_OBJC_ROOT_CLASS = YES_ERROR;
				CLANG_WARN_UNREACHABLE_CODE = YES;
				CLANG_WARN__DUPLICATE_METHOD_MATCH = YES;
				"CODE_SIGN_IDENTITY[sdk=iphoneos*]" = "iPhone Developer";
				COPY_PHASE_STRIP = NO;
				DEBUG_INFORMATION_FORMAT = "dwarf-with-dsym";
				ENABLE_NS_ASSERTIONS = NO;
				ENABLE_STRICT_OBJC_MSGSEND = YES;
				GCC_C_LANGUAGE_STANDARD = gnu99;
				GCC_NO_COMMON_BLOCKS = YES;
				GCC_WARN_64_TO_32_BIT_CONVERSION = YES;
				GCC_WARN_ABOUT_RETURN_TYPE = YES_ERROR;
				GCC_WARN_UNDECLARED_SELECTOR = YES;
				GCC_WARN_UNINITIALIZED_AUTOS = YES_AGGRESSIVE;
				GCC_WARN_UNUSED_FUNCTION = YES;
				GCC_WARN_UNUSED_VARIABLE = YES;
				IPHONEOS_DEPLOYMENT_TARGET = 9.2;
				MTL_ENABLE_DEBUG_INFO = NO;
				SDKROOT = iphoneos;
				VALIDATE_PRODUCT = YES;
			};
			name = Release;
		};
		8781A9C61CB55C8100015E8C /* Debug */ = {
			isa = XCBuildConfiguration;
			baseConfigurationReference = D6EC5E24E109702BF1005030 /* Pods.debug.xcconfig */;
			buildSettings = {
				ASSETCATALOG_COMPILER_APPICON_NAME = AppIcon;
				INFOPLIST_FILE = WhatchaIphone/Info.plist;
				LD_RUNPATH_SEARCH_PATHS = "$(inherited) @executable_path/Frameworks";
				PRODUCT_BUNDLE_IDENTIFIER = hcjardni.WhatchaIphone;
				PRODUCT_NAME = "$(TARGET_NAME)";
			};
			name = Debug;
		};
		8781A9C71CB55C8100015E8C /* Release */ = {
			isa = XCBuildConfiguration;
			baseConfigurationReference = 8E7E54EDA209A72F8D6F5C0E /* Pods.release.xcconfig */;
			buildSettings = {
				ASSETCATALOG_COMPILER_APPICON_NAME = AppIcon;
				INFOPLIST_FILE = WhatchaIphone/Info.plist;
				LD_RUNPATH_SEARCH_PATHS = "$(inherited) @executable_path/Frameworks";
				PRODUCT_BUNDLE_IDENTIFIER = hcjardni.WhatchaIphone;
				PRODUCT_NAME = "$(TARGET_NAME)";
			};
			name = Release;
		};
		8781A9C91CB55C8100015E8C /* Debug */ = {
			isa = XCBuildConfiguration;
			buildSettings = {
				BUNDLE_LOADER = "$(TEST_HOST)";
				INFOPLIST_FILE = WhatchaIphoneTests/Info.plist;
				LD_RUNPATH_SEARCH_PATHS = "$(inherited) @executable_path/Frameworks @loader_path/Frameworks";
				PRODUCT_BUNDLE_IDENTIFIER = hcjardni.WhatchaIphoneTests;
				PRODUCT_NAME = "$(TARGET_NAME)";
				TEST_HOST = "$(BUILT_PRODUCTS_DIR)/WhatchaIphone.app/WhatchaIphone";
			};
			name = Debug;
		};
		8781A9CA1CB55C8100015E8C /* Release */ = {
			isa = XCBuildConfiguration;
			buildSettings = {
				BUNDLE_LOADER = "$(TEST_HOST)";
				INFOPLIST_FILE = WhatchaIphoneTests/Info.plist;
				LD_RUNPATH_SEARCH_PATHS = "$(inherited) @executable_path/Frameworks @loader_path/Frameworks";
				PRODUCT_BUNDLE_IDENTIFIER = hcjardni.WhatchaIphoneTests;
				PRODUCT_NAME = "$(TARGET_NAME)";
				TEST_HOST = "$(BUILT_PRODUCTS_DIR)/WhatchaIphone.app/WhatchaIphone";
			};
			name = Release;
		};
		8781A9CC1CB55C8100015E8C /* Debug */ = {
			isa = XCBuildConfiguration;
			buildSettings = {
				INFOPLIST_FILE = WhatchaIphoneUITests/Info.plist;
				LD_RUNPATH_SEARCH_PATHS = "$(inherited) @executable_path/Frameworks @loader_path/Frameworks";
				PRODUCT_BUNDLE_IDENTIFIER = hcjardni.WhatchaIphoneUITests;
				PRODUCT_NAME = "$(TARGET_NAME)";
				TEST_TARGET_NAME = WhatchaIphone;
				USES_XCTRUNNER = YES;
			};
			name = Debug;
		};
		8781A9CD1CB55C8100015E8C /* Release */ = {
			isa = XCBuildConfiguration;
			buildSettings = {
				INFOPLIST_FILE = WhatchaIphoneUITests/Info.plist;
				LD_RUNPATH_SEARCH_PATHS = "$(inherited) @executable_path/Frameworks @loader_path/Frameworks";
				PRODUCT_BUNDLE_IDENTIFIER = hcjardni.WhatchaIphoneUITests;
				PRODUCT_NAME = "$(TARGET_NAME)";
				TEST_TARGET_NAME = WhatchaIphone;
				USES_XCTRUNNER = YES;
			};
			name = Release;
		};
/* End XCBuildConfiguration section */

/* Begin XCConfigurationList section */
		8781A9981CB55C8100015E8C /* Build configuration list for PBXProject "WhatchaIphone" */ = {
			isa = XCConfigurationList;
			buildConfigurations = (
				8781A9C31CB55C8100015E8C /* Debug */,
				8781A9C41CB55C8100015E8C /* Release */,
			);
			defaultConfigurationIsVisible = 0;
			defaultConfigurationName = Release;
		};
		8781A9C51CB55C8100015E8C /* Build configuration list for PBXNativeTarget "WhatchaIphone" */ = {
			isa = XCConfigurationList;
			buildConfigurations = (
				8781A9C61CB55C8100015E8C /* Debug */,
				8781A9C71CB55C8100015E8C /* Release */,
			);
			defaultConfigurationIsVisible = 0;
			defaultConfigurationName = Release;
		};
		8781A9C81CB55C8100015E8C /* Build configuration list for PBXNativeTarget "WhatchaIphoneTests" */ = {
			isa = XCConfigurationList;
			buildConfigurations = (
				8781A9C91CB55C8100015E8C /* Debug */,
				8781A9CA1CB55C8100015E8C /* Release */,
			);
			defaultConfigurationIsVisible = 0;
			defaultConfigurationName = Release;
		};
		8781A9CB1CB55C8100015E8C /* Build configuration list for PBXNativeTarget "WhatchaIphoneUITests" */ = {
			isa = XCConfigurationList;
			buildConfigurations = (
				8781A9CC1CB55C8100015E8C /* Debug */,
				8781A9CD1CB55C8100015E8C /* Release */,
			);
			defaultConfigurationIsVisible = 0;
			defaultConfigurationName = Release;
		};
/* End XCConfigurationList section */
	};
	rootObject = 8781A9951CB55C8100015E8C /* Project object */;
}
